
Microsoft Visual Studio Solution File, Format Version 12.00
# Visual Studio 15
VisualStudioVersion = 15.0.27703.2047
MinimumVisualStudioVersion = 10.0.40219.1
Project("{FAE04EC0-301F-11D3-BF4B-00C04F79EFBC}") = "Sales.Android", "Sales\Sales.Android\Sales.Android.csproj", "{794220AB-F7D8-42C2-9A23-8AEFCAB1D490}"
EndProject
Project("{FAE04EC0-301F-11D3-BF4B-00C04F79EFBC}") = "Sales.iOS", "Sales\Sales.iOS\Sales.iOS.csproj", "{B694A74E-20C9-4F4B-8BBD-73EA018BD205}"
EndProject
Project("{FAE04EC0-301F-11D3-BF4B-00C04F79EFBC}") = "Sales.UWP", "Sales\Sales.UWP\Sales.UWP.csproj", "{03A23889-FAE2-4AC1-A57B-C43F7FB27BCD}"
EndProject
Project("{FAE04EC0-301F-11D3-BF4B-00C04F79EFBC}") = "Sales", "Sales\Sales\Sales.csproj", "{A9DA3D8D-FB45-49C8-80FE-3E6646C5B908}"
EndProject
Project("{FAE04EC0-301F-11D3-BF4B-00C04F79EFBC}") = "Sales.Backend", "Sales.Backend\Sales.Backend.csproj", "{74B709F9-675C-4247-B829-2BD84194AD22}"
EndProject
Project("{FAE04EC0-301F-11D3-BF4B-00C04F79EFBC}") = "Sales.API", "Sales.API\Sales.API.csproj", "{E7BFF098-EB1A-4DD7-ACA3-BDF01B7439FD}"
EndProject
Project("{FAE04EC0-301F-11D3-BF4B-00C04F79EFBC}") = "Sales.Domain", "Sales.Domain\Sales.Domain.csproj", "{A6EE7F19-F06E-4691-9124-A285BA46A78C}"
EndProject
Project("{FAE04EC0-301F-11D3-BF4B-00C04F79EFBC}") = "Sales.Common", "Sales.Common\Sales.Common.csproj", "{A3187C05-501B-4F55-BDBB-42532BE0420A}"
EndProject
Global
	GlobalSection(SolutionConfigurationPlatforms) = preSolution
		Ad-Hoc|Any CPU = Ad-Hoc|Any CPU
		Ad-Hoc|ARM = Ad-Hoc|ARM
		Ad-Hoc|iPhone = Ad-Hoc|iPhone
		Ad-Hoc|iPhoneSimulator = Ad-Hoc|iPhoneSimulator
		Ad-Hoc|x64 = Ad-Hoc|x64
		Ad-Hoc|x86 = Ad-Hoc|x86
		AppStore|Any CPU = AppStore|Any CPU
		AppStore|ARM = AppStore|ARM
		AppStore|iPhone = AppStore|iPhone
		AppStore|iPhoneSimulator = AppStore|iPhoneSimulator
		AppStore|x64 = AppStore|x64
		AppStore|x86 = AppStore|x86
		Debug|Any CPU = Debug|Any CPU
		Debug|ARM = Debug|ARM
		Debug|iPhone = Debug|iPhone
		Debug|iPhoneSimulator = Debug|iPhoneSimulator
		Debug|x64 = Debug|x64
		Debug|x86 = Debug|x86
		Release|Any CPU = Release|Any CPU
		Release|ARM = Release|ARM
		Release|iPhone = Release|iPhone
		Release|iPhoneSimulator = Release|iPhoneSimulator
		Release|x64 = Release|x64
		Release|x86 = Release|x86
	EndGlobalSection
	GlobalSection(ProjectConfigurationPlatforms) = postSolution
		{794220AB-F7D8-42C2-9A23-8AEFCAB1D490}.Ad-Hoc|Any CPU.ActiveCfg = Release|Any CPU
		{794220AB-F7D8-42C2-9A23-8AEFCAB1D490}.Ad-Hoc|Any CPU.Build.0 = Release|Any CPU
		{794220AB-F7D8-42C2-9A23-8AEFCAB1D490}.Ad-Hoc|Any CPU.Deploy.0 = Release|Any CPU
		{794220AB-F7D8-42C2-9A23-8AEFCAB1D490}.Ad-Hoc|ARM.ActiveCfg = Release|Any CPU
		{794220AB-F7D8-42C2-9A23-8AEFCAB1D490}.Ad-Hoc|ARM.Build.0 = Release|Any CPU
		{794220AB-F7D8-42C2-9A23-8AEFCAB1D490}.Ad-Hoc|ARM.Deploy.0 = Release|Any CPU
		{794220AB-F7D8-42C2-9A23-8AEFCAB1D490}.Ad-Hoc|iPhone.ActiveCfg = Release|Any CPU
		{794220AB-F7D8-42C2-9A23-8AEFCAB1D490}.Ad-Hoc|iPhone.Build.0 = Release|Any CPU
		{794220AB-F7D8-42C2-9A23-8AEFCAB1D490}.Ad-Hoc|iPhone.Deploy.0 = Release|Any CPU
		{794220AB-F7D8-42C2-9A23-8AEFCAB1D490}.Ad-Hoc|iPhoneSimulator.ActiveCfg = Release|Any CPU
		{794220AB-F7D8-42C2-9A23-8AEFCAB1D490}.Ad-Hoc|iPhoneSimulator.Build.0 = Release|Any CPU
		{794220AB-F7D8-42C2-9A23-8AEFCAB1D490}.Ad-Hoc|iPhoneSimulator.Deploy.0 = Release|Any CPU
		{794220AB-F7D8-42C2-9A23-8AEFCAB1D490}.Ad-Hoc|x64.ActiveCfg = Release|Any CPU
		{794220AB-F7D8-42C2-9A23-8AEFCAB1D490}.Ad-Hoc|x64.Build.0 = Release|Any CPU
		{794220AB-F7D8-42C2-9A23-8AEFCAB1D490}.Ad-Hoc|x64.Deploy.0 = Release|Any CPU
		{794220AB-F7D8-42C2-9A23-8AEFCAB1D490}.Ad-Hoc|x86.ActiveCfg = Release|Any CPU
		{794220AB-F7D8-42C2-9A23-8AEFCAB1D490}.Ad-Hoc|x86.Build.0 = Release|Any CPU
		{794220AB-F7D8-42C2-9A23-8AEFCAB1D490}.Ad-Hoc|x86.Deploy.0 = Release|Any CPU
		{794220AB-F7D8-42C2-9A23-8AEFCAB1D490}.AppStore|Any CPU.ActiveCfg = Release|Any CPU
		{794220AB-F7D8-42C2-9A23-8AEFCAB1D490}.AppStore|Any CPU.Build.0 = Release|Any CPU
		{794220AB-F7D8-42C2-9A23-8AEFCAB1D490}.AppStore|Any CPU.Deploy.0 = Release|Any CPU
		{794220AB-F7D8-42C2-9A23-8AEFCAB1D490}.AppStore|ARM.ActiveCfg = Release|Any CPU
		{794220AB-F7D8-42C2-9A23-8AEFCAB1D490}.AppStore|ARM.Build.0 = Release|Any CPU
		{794220AB-F7D8-42C2-9A23-8AEFCAB1D490}.AppStore|ARM.Deploy.0 = Release|Any CPU
		{794220AB-F7D8-42C2-9A23-8AEFCAB1D490}.AppStore|iPhone.ActiveCfg = Release|Any CPU
		{794220AB-F7D8-42C2-9A23-8AEFCAB1D490}.AppStore|iPhone.Build.0 = Release|Any CPU
		{794220AB-F7D8-42C2-9A23-8AEFCAB1D490}.AppStore|iPhone.Deploy.0 = Release|Any CPU
		{794220AB-F7D8-42C2-9A23-8AEFCAB1D490}.AppStore|iPhoneSimulator.ActiveCfg = Release|Any CPU
		{794220AB-F7D8-42C2-9A23-8AEFCAB1D490}.AppStore|iPhoneSimulator.Build.0 = Release|Any CPU
		{794220AB-F7D8-42C2-9A23-8AEFCAB1D490}.AppStore|iPhoneSimulator.Deploy.0 = Release|Any CPU
		{794220AB-F7D8-42C2-9A23-8AEFCAB1D490}.AppStore|x64.ActiveCfg = Release|Any CPU
		{794220AB-F7D8-42C2-9A23-8AEFCAB1D490}.AppStore|x64.Build.0 = Release|Any CPU
		{794220AB-F7D8-42C2-9A23-8AEFCAB1D490}.AppStore|x64.Deploy.0 = Release|Any CPU
		{794220AB-F7D8-42C2-9A23-8AEFCAB1D490}.AppStore|x86.ActiveCfg = Release|Any CPU
		{794220AB-F7D8-42C2-9A23-8AEFCAB1D490}.AppStore|x86.Build.0 = Release|Any CPU
		{794220AB-F7D8-42C2-9A23-8AEFCAB1D490}.AppStore|x86.Deploy.0 = Release|Any CPU
		{794220AB-F7D8-42C2-9A23-8AEFCAB1D490}.Debug|Any CPU.ActiveCfg = Debug|Any CPU
		{794220AB-F7D8-42C2-9A23-8AEFCAB1D490}.Debug|Any CPU.Build.0 = Debug|Any CPU
		{794220AB-F7D8-42C2-9A23-8AEFCAB1D490}.Debug|Any CPU.Deploy.0 = Debug|Any CPU
		{794220AB-F7D8-42C2-9A23-8AEFCAB1D490}.Debug|ARM.ActiveCfg = Debug|Any CPU
		{794220AB-F7D8-42C2-9A23-8AEFCAB1D490}.Debug|ARM.Build.0 = Debug|Any CPU
		{794220AB-F7D8-42C2-9A23-8AEFCAB1D490}.Debug|ARM.Deploy.0 = Debug|Any CPU
		{794220AB-F7D8-42C2-9A23-8AEFCAB1D490}.Debug|iPhone.ActiveCfg = Debug|Any CPU
		{794220AB-F7D8-42C2-9A23-8AEFCAB1D490}.Debug|iPhone.Build.0 = Debug|Any CPU
		{794220AB-F7D8-42C2-9A23-8AEFCAB1D490}.Debug|iPhone.Deploy.0 = Debug|Any CPU
		{794220AB-F7D8-42C2-9A23-8AEFCAB1D490}.Debug|iPhoneSimulator.ActiveCfg = Debug|Any CPU
		{794220AB-F7D8-42C2-9A23-8AEFCAB1D490}.Debug|iPhoneSimulator.Build.0 = Debug|Any CPU
		{794220AB-F7D8-42C2-9A23-8AEFCAB1D490}.Debug|iPhoneSimulator.Deploy.0 = Debug|Any CPU
		{794220AB-F7D8-42C2-9A23-8AEFCAB1D490}.Debug|x64.ActiveCfg = Debug|Any CPU
		{794220AB-F7D8-42C2-9A23-8AEFCAB1D490}.Debug|x64.Build.0 = Debug|Any CPU
		{794220AB-F7D8-42C2-9A23-8AEFCAB1D490}.Debug|x64.Deploy.0 = Debug|Any CPU
		{794220AB-F7D8-42C2-9A23-8AEFCAB1D490}.Debug|x86.ActiveCfg = Debug|Any CPU
		{794220AB-F7D8-42C2-9A23-8AEFCAB1D490}.Debug|x86.Build.0 = Debug|Any CPU
		{794220AB-F7D8-42C2-9A23-8AEFCAB1D490}.Debug|x86.Deploy.0 = Debug|Any CPU
		{794220AB-F7D8-42C2-9A23-8AEFCAB1D490}.Release|Any CPU.ActiveCfg = Release|Any CPU
		{794220AB-F7D8-42C2-9A23-8AEFCAB1D490}.Release|Any CPU.Build.0 = Release|Any CPU
		{794220AB-F7D8-42C2-9A23-8AEFCAB1D490}.Release|Any CPU.Deploy.0 = Release|Any CPU
		{794220AB-F7D8-42C2-9A23-8AEFCAB1D490}.Release|ARM.ActiveCfg = Release|Any CPU
		{794220AB-F7D8-42C2-9A23-8AEFCAB1D490}.Release|ARM.Build.0 = Release|Any CPU
		{794220AB-F7D8-42C2-9A23-8AEFCAB1D490}.Release|ARM.Deploy.0 = Release|Any CPU
		{794220AB-F7D8-42C2-9A23-8AEFCAB1D490}.Release|iPhone.ActiveCfg = Release|Any CPU
		{794220AB-F7D8-42C2-9A23-8AEFCAB1D490}.Release|iPhone.Build.0 = Release|Any CPU
		{794220AB-F7D8-42C2-9A23-8AEFCAB1D490}.Release|iPhone.Deploy.0 = Release|Any CPU
		{794220AB-F7D8-42C2-9A23-8AEFCAB1D490}.Release|iPhoneSimulator.ActiveCfg = Release|Any CPU
		{794220AB-F7D8-42C2-9A23-8AEFCAB1D490}.Release|iPhoneSimulator.Build.0 = Release|Any CPU
		{794220AB-F7D8-42C2-9A23-8AEFCAB1D490}.Release|iPhoneSimulator.Deploy.0 = Release|Any CPU
		{794220AB-F7D8-42C2-9A23-8AEFCAB1D490}.Release|x64.ActiveCfg = Release|Any CPU
		{794220AB-F7D8-42C2-9A23-8AEFCAB1D490}.Release|x64.Build.0 = Release|Any CPU
		{794220AB-F7D8-42C2-9A23-8AEFCAB1D490}.Release|x64.Deploy.0 = Release|Any CPU
		{794220AB-F7D8-42C2-9A23-8AEFCAB1D490}.Release|x86.ActiveCfg = Release|Any CPU
		{794220AB-F7D8-42C2-9A23-8AEFCAB1D490}.Release|x86.Build.0 = Release|Any CPU
		{794220AB-F7D8-42C2-9A23-8AEFCAB1D490}.Release|x86.Deploy.0 = Release|Any CPU
		{B694A74E-20C9-4F4B-8BBD-73EA018BD205}.Ad-Hoc|Any CPU.ActiveCfg = Ad-Hoc|iPhone
		{B694A74E-20C9-4F4B-8BBD-73EA018BD205}.Ad-Hoc|Any CPU.Build.0 = Ad-Hoc|iPhone
		{B694A74E-20C9-4F4B-8BBD-73EA018BD205}.Ad-Hoc|Any CPU.Deploy.0 = Ad-Hoc|iPhone
		{B694A74E-20C9-4F4B-8BBD-73EA018BD205}.Ad-Hoc|ARM.ActiveCfg = Ad-Hoc|iPhone
		{B694A74E-20C9-4F4B-8BBD-73EA018BD205}.Ad-Hoc|ARM.Build.0 = Ad-Hoc|iPhone
		{B694A74E-20C9-4F4B-8BBD-73EA018BD205}.Ad-Hoc|ARM.Deploy.0 = Ad-Hoc|iPhone
		{B694A74E-20C9-4F4B-8BBD-73EA018BD205}.Ad-Hoc|iPhone.ActiveCfg = Ad-Hoc|iPhone
		{B694A74E-20C9-4F4B-8BBD-73EA018BD205}.Ad-Hoc|iPhone.Build.0 = Ad-Hoc|iPhone
		{B694A74E-20C9-4F4B-8BBD-73EA018BD205}.Ad-Hoc|iPhone.Deploy.0 = Ad-Hoc|iPhone
		{B694A74E-20C9-4F4B-8BBD-73EA018BD205}.Ad-Hoc|iPhoneSimulator.ActiveCfg = Ad-Hoc|iPhoneSimulator
		{B694A74E-20C9-4F4B-8BBD-73EA018BD205}.Ad-Hoc|iPhoneSimulator.Build.0 = Ad-Hoc|iPhoneSimulator
		{B694A74E-20C9-4F4B-8BBD-73EA018BD205}.Ad-Hoc|iPhoneSimulator.Deploy.0 = Ad-Hoc|iPhoneSimulator
		{B694A74E-20C9-4F4B-8BBD-73EA018BD205}.Ad-Hoc|x64.ActiveCfg = Ad-Hoc|iPhone
		{B694A74E-20C9-4F4B-8BBD-73EA018BD205}.Ad-Hoc|x64.Build.0 = Ad-Hoc|iPhone
		{B694A74E-20C9-4F4B-8BBD-73EA018BD205}.Ad-Hoc|x64.Deploy.0 = Ad-Hoc|iPhone
		{B694A74E-20C9-4F4B-8BBD-73EA018BD205}.Ad-Hoc|x86.ActiveCfg = Ad-Hoc|iPhone
		{B694A74E-20C9-4F4B-8BBD-73EA018BD205}.Ad-Hoc|x86.Build.0 = Ad-Hoc|iPhone
		{B694A74E-20C9-4F4B-8BBD-73EA018BD205}.Ad-Hoc|x86.Deploy.0 = Ad-Hoc|iPhone
		{B694A74E-20C9-4F4B-8BBD-73EA018BD205}.AppStore|Any CPU.ActiveCfg = AppStore|iPhone
		{B694A74E-20C9-4F4B-8BBD-73EA018BD205}.AppStore|Any CPU.Build.0 = AppStore|iPhone
		{B694A74E-20C9-4F4B-8BBD-73EA018BD205}.AppStore|Any CPU.Deploy.0 = AppStore|iPhone
		{B694A74E-20C9-4F4B-8BBD-73EA018BD205}.AppStore|ARM.ActiveCfg = AppStore|iPhone
		{B694A74E-20C9-4F4B-8BBD-73EA018BD205}.AppStore|ARM.Build.0 = AppStore|iPhone
		{B694A74E-20C9-4F4B-8BBD-73EA018BD205}.AppStore|ARM.Deploy.0 = AppStore|iPhone
		{B694A74E-20C9-4F4B-8BBD-73EA018BD205}.AppStore|iPhone.ActiveCfg = AppStore|iPhone
		{B694A74E-20C9-4F4B-8BBD-73EA018BD205}.AppStore|iPhone.Build.0 = AppStore|iPhone
		{B694A74E-20C9-4F4B-8BBD-73EA018BD205}.AppStore|iPhone.Deploy.0 = AppStore|iPhone
		{B694A74E-20C9-4F4B-8BBD-73EA018BD205}.AppStore|iPhoneSimulator.ActiveCfg = AppStore|iPhoneSimulator
		{B694A74E-20C9-4F4B-8BBD-73EA018BD205}.AppStore|iPhoneSimulator.Build.0 = AppStore|iPhoneSimulator
		{B694A74E-20C9-4F4B-8BBD-73EA018BD205}.AppStore|iPhoneSimulator.Deploy.0 = AppStore|iPhoneSimulator
		{B694A74E-20C9-4F4B-8BBD-73EA018BD205}.AppStore|x64.ActiveCfg = AppStore|iPhone
		{B694A74E-20C9-4F4B-8BBD-73EA018BD205}.AppStore|x64.Build.0 = AppStore|iPhone
		{B694A74E-20C9-4F4B-8BBD-73EA018BD205}.AppStore|x64.Deploy.0 = AppStore|iPhone
		{B694A74E-20C9-4F4B-8BBD-73EA018BD205}.AppStore|x86.ActiveCfg = AppStore|iPhone
		{B694A74E-20C9-4F4B-8BBD-73EA018BD205}.AppStore|x86.Build.0 = AppStore|iPhone
		{B694A74E-20C9-4F4B-8BBD-73EA018BD205}.AppStore|x86.Deploy.0 = AppStore|iPhone
		{B694A74E-20C9-4F4B-8BBD-73EA018BD205}.Debug|Any CPU.ActiveCfg = Debug|iPhoneSimulator
		{B694A74E-20C9-4F4B-8BBD-73EA018BD205}.Debug|Any CPU.Build.0 = Debug|iPhoneSimulator
		{B694A74E-20C9-4F4B-8BBD-73EA018BD205}.Debug|Any CPU.Deploy.0 = Debug|iPhoneSimulator
		{B694A74E-20C9-4F4B-8BBD-73EA018BD205}.Debug|ARM.ActiveCfg = Debug|iPhone
		{B694A74E-20C9-4F4B-8BBD-73EA018BD205}.Debug|ARM.Build.0 = Debug|iPhone
		{B694A74E-20C9-4F4B-8BBD-73EA018BD205}.Debug|ARM.Deploy.0 = Debug|iPhone
		{B694A74E-20C9-4F4B-8BBD-73EA018BD205}.Debug|iPhone.ActiveCfg = Debug|iPhone
		{B694A74E-20C9-4F4B-8BBD-73EA018BD205}.Debug|iPhone.Build.0 = Debug|iPhone
		{B694A74E-20C9-4F4B-8BBD-73EA018BD205}.Debug|iPhone.Deploy.0 = Debug|iPhone
		{B694A74E-20C9-4F4B-8BBD-73EA018BD205}.Debug|iPhoneSimulator.ActiveCfg = Debug|iPhoneSimulator
		{B694A74E-20C9-4F4B-8BBD-73EA018BD205}.Debug|iPhoneSimulator.Build.0 = Debug|iPhoneSimulator
		{B694A74E-20C9-4F4B-8BBD-73EA018BD205}.Debug|iPhoneSimulator.Deploy.0 = Debug|iPhoneSimulator
		{B694A74E-20C9-4F4B-8BBD-73EA018BD205}.Debug|x64.ActiveCfg = Debug|iPhone
		{B694A74E-20C9-4F4B-8BBD-73EA018BD205}.Debug|x64.Build.0 = Debug|iPhone
		{B694A74E-20C9-4F4B-8BBD-73EA018BD205}.Debug|x64.Deploy.0 = Debug|iPhone
		{B694A74E-20C9-4F4B-8BBD-73EA018BD205}.Debug|x86.ActiveCfg = Debug|iPhone
		{B694A74E-20C9-4F4B-8BBD-73EA018BD205}.Debug|x86.Build.0 = Debug|iPhone
		{B694A74E-20C9-4F4B-8BBD-73EA018BD205}.Debug|x86.Deploy.0 = Debug|iPhone
		{B694A74E-20C9-4F4B-8BBD-73EA018BD205}.Release|Any CPU.ActiveCfg = Release|iPhone
		{B694A74E-20C9-4F4B-8BBD-73EA018BD205}.Release|Any CPU.Build.0 = Release|iPhone
		{B694A74E-20C9-4F4B-8BBD-73EA018BD205}.Release|Any CPU.Deploy.0 = Release|iPhone
		{B694A74E-20C9-4F4B-8BBD-73EA018BD205}.Release|ARM.ActiveCfg = Release|iPhone
		{B694A74E-20C9-4F4B-8BBD-73EA018BD205}.Release|ARM.Build.0 = Release|iPhone
		{B694A74E-20C9-4F4B-8BBD-73EA018BD205}.Release|ARM.Deploy.0 = Release|iPhone
		{B694A74E-20C9-4F4B-8BBD-73EA018BD205}.Release|iPhone.ActiveCfg = Release|iPhone
		{B694A74E-20C9-4F4B-8BBD-73EA018BD205}.Release|iPhone.Build.0 = Release|iPhone
		{B694A74E-20C9-4F4B-8BBD-73EA018BD205}.Release|iPhone.Deploy.0 = Release|iPhone
		{B694A74E-20C9-4F4B-8BBD-73EA018BD205}.Release|iPhoneSimulator.ActiveCfg = Release|iPhoneSimulator
		{B694A74E-20C9-4F4B-8BBD-73EA018BD205}.Release|iPhoneSimulator.Build.0 = Release|iPhoneSimulator
		{B694A74E-20C9-4F4B-8BBD-73EA018BD205}.Release|iPhoneSimulator.Deploy.0 = Release|iPhoneSimulator
		{B694A74E-20C9-4F4B-8BBD-73EA018BD205}.Release|x64.ActiveCfg = Release|iPhone
		{B694A74E-20C9-4F4B-8BBD-73EA018BD205}.Release|x64.Build.0 = Release|iPhone
		{B694A74E-20C9-4F4B-8BBD-73EA018BD205}.Release|x64.Deploy.0 = Release|iPhone
		{B694A74E-20C9-4F4B-8BBD-73EA018BD205}.Release|x86.ActiveCfg = Release|iPhone
		{B694A74E-20C9-4F4B-8BBD-73EA018BD205}.Release|x86.Build.0 = Release|iPhone
		{B694A74E-20C9-4F4B-8BBD-73EA018BD205}.Release|x86.Deploy.0 = Release|iPhone
		{03A23889-FAE2-4AC1-A57B-C43F7FB27BCD}.Ad-Hoc|Any CPU.ActiveCfg = Release|x86
		{03A23889-FAE2-4AC1-A57B-C43F7FB27BCD}.Ad-Hoc|Any CPU.Build.0 = Release|x86
		{03A23889-FAE2-4AC1-A57B-C43F7FB27BCD}.Ad-Hoc|Any CPU.Deploy.0 = Release|x86
		{03A23889-FAE2-4AC1-A57B-C43F7FB27BCD}.Ad-Hoc|ARM.ActiveCfg = Release|ARM
		{03A23889-FAE2-4AC1-A57B-C43F7FB27BCD}.Ad-Hoc|ARM.Build.0 = Release|ARM
		{03A23889-FAE2-4AC1-A57B-C43F7FB27BCD}.Ad-Hoc|ARM.Deploy.0 = Release|ARM
		{03A23889-FAE2-4AC1-A57B-C43F7FB27BCD}.Ad-Hoc|iPhone.ActiveCfg = Release|x86
		{03A23889-FAE2-4AC1-A57B-C43F7FB27BCD}.Ad-Hoc|iPhone.Build.0 = Release|x86
		{03A23889-FAE2-4AC1-A57B-C43F7FB27BCD}.Ad-Hoc|iPhone.Deploy.0 = Release|x86
		{03A23889-FAE2-4AC1-A57B-C43F7FB27BCD}.Ad-Hoc|iPhoneSimulator.ActiveCfg = Release|x86
		{03A23889-FAE2-4AC1-A57B-C43F7FB27BCD}.Ad-Hoc|iPhoneSimulator.Build.0 = Release|x86
		{03A23889-FAE2-4AC1-A57B-C43F7FB27BCD}.Ad-Hoc|iPhoneSimulator.Deploy.0 = Release|x86
		{03A23889-FAE2-4AC1-A57B-C43F7FB27BCD}.Ad-Hoc|x64.ActiveCfg = Release|x64
		{03A23889-FAE2-4AC1-A57B-C43F7FB27BCD}.Ad-Hoc|x64.Build.0 = Release|x64
		{03A23889-FAE2-4AC1-A57B-C43F7FB27BCD}.Ad-Hoc|x64.Deploy.0 = Release|x64
		{03A23889-FAE2-4AC1-A57B-C43F7FB27BCD}.Ad-Hoc|x86.ActiveCfg = Release|x86
		{03A23889-FAE2-4AC1-A57B-C43F7FB27BCD}.Ad-Hoc|x86.Build.0 = Release|x86
		{03A23889-FAE2-4AC1-A57B-C43F7FB27BCD}.Ad-Hoc|x86.Deploy.0 = Release|x86
		{03A23889-FAE2-4AC1-A57B-C43F7FB27BCD}.AppStore|Any CPU.ActiveCfg = Release|x86
		{03A23889-FAE2-4AC1-A57B-C43F7FB27BCD}.AppStore|Any CPU.Build.0 = Release|x86
		{03A23889-FAE2-4AC1-A57B-C43F7FB27BCD}.AppStore|Any CPU.Deploy.0 = Release|x86
		{03A23889-FAE2-4AC1-A57B-C43F7FB27BCD}.AppStore|ARM.ActiveCfg = Release|ARM
		{03A23889-FAE2-4AC1-A57B-C43F7FB27BCD}.AppStore|ARM.Build.0 = Release|ARM
		{03A23889-FAE2-4AC1-A57B-C43F7FB27BCD}.AppStore|ARM.Deploy.0 = Release|ARM
		{03A23889-FAE2-4AC1-A57B-C43F7FB27BCD}.AppStore|iPhone.ActiveCfg = Release|x86
		{03A23889-FAE2-4AC1-A57B-C43F7FB27BCD}.AppStore|iPhone.Build.0 = Release|x86
		{03A23889-FAE2-4AC1-A57B-C43F7FB27BCD}.AppStore|iPhone.Deploy.0 = Release|x86
		{03A23889-FAE2-4AC1-A57B-C43F7FB27BCD}.AppStore|iPhoneSimulator.ActiveCfg = Release|x86
		{03A23889-FAE2-4AC1-A57B-C43F7FB27BCD}.AppStore|iPhoneSimulator.Build.0 = Release|x86
		{03A23889-FAE2-4AC1-A57B-C43F7FB27BCD}.AppStore|iPhoneSimulator.Deploy.0 = Release|x86
		{03A23889-FAE2-4AC1-A57B-C43F7FB27BCD}.AppStore|x64.ActiveCfg = Release|x64
		{03A23889-FAE2-4AC1-A57B-C43F7FB27BCD}.AppStore|x64.Build.0 = Release|x64
		{03A23889-FAE2-4AC1-A57B-C43F7FB27BCD}.AppStore|x64.Deploy.0 = Release|x64
		{03A23889-FAE2-4AC1-A57B-C43F7FB27BCD}.AppStore|x86.ActiveCfg = Release|x86
		{03A23889-FAE2-4AC1-A57B-C43F7FB27BCD}.AppStore|x86.Build.0 = Release|x86
		{03A23889-FAE2-4AC1-A57B-C43F7FB27BCD}.AppStore|x86.Deploy.0 = Release|x86
		{03A23889-FAE2-4AC1-A57B-C43F7FB27BCD}.Debug|Any CPU.ActiveCfg = Debug|x86
		{03A23889-FAE2-4AC1-A57B-C43F7FB27BCD}.Debug|Any CPU.Build.0 = Debug|x86
		{03A23889-FAE2-4AC1-A57B-C43F7FB27BCD}.Debug|Any CPU.Deploy.0 = Debug|x86
		{03A23889-FAE2-4AC1-A57B-C43F7FB27BCD}.Debug|ARM.ActiveCfg = Debug|ARM
		{03A23889-FAE2-4AC1-A57B-C43F7FB27BCD}.Debug|ARM.Build.0 = Debug|ARM
		{03A23889-FAE2-4AC1-A57B-C43F7FB27BCD}.Debug|ARM.Deploy.0 = Debug|ARM
		{03A23889-FAE2-4AC1-A57B-C43F7FB27BCD}.Debug|iPhone.ActiveCfg = Debug|x86
		{03A23889-FAE2-4AC1-A57B-C43F7FB27BCD}.Debug|iPhone.Build.0 = Debug|x86
		{03A23889-FAE2-4AC1-A57B-C43F7FB27BCD}.Debug|iPhone.Deploy.0 = Debug|x86
		{03A23889-FAE2-4AC1-A57B-C43F7FB27BCD}.Debug|iPhoneSimulator.ActiveCfg = Debug|x86
		{03A23889-FAE2-4AC1-A57B-C43F7FB27BCD}.Debug|iPhoneSimulator.Build.0 = Debug|x86
		{03A23889-FAE2-4AC1-A57B-C43F7FB27BCD}.Debug|iPhoneSimulator.Deploy.0 = Debug|x86
		{03A23889-FAE2-4AC1-A57B-C43F7FB27BCD}.Debug|x64.ActiveCfg = Debug|x64
		{03A23889-FAE2-4AC1-A57B-C43F7FB27BCD}.Debug|x64.Build.0 = Debug|x64
		{03A23889-FAE2-4AC1-A57B-C43F7FB27BCD}.Debug|x64.Deploy.0 = Debug|x64
		{03A23889-FAE2-4AC1-A57B-C43F7FB27BCD}.Debug|x86.ActiveCfg = Debug|x86
		{03A23889-FAE2-4AC1-A57B-C43F7FB27BCD}.Debug|x86.Build.0 = Debug|x86
		{03A23889-FAE2-4AC1-A57B-C43F7FB27BCD}.Debug|x86.Deploy.0 = Debug|x86
		{03A23889-FAE2-4AC1-A57B-C43F7FB27BCD}.Release|Any CPU.ActiveCfg = Release|x86
		{03A23889-FAE2-4AC1-A57B-C43F7FB27BCD}.Release|Any CPU.Build.0 = Release|x86
		{03A23889-FAE2-4AC1-A57B-C43F7FB27BCD}.Release|Any CPU.Deploy.0 = Release|x86
		{03A23889-FAE2-4AC1-A57B-C43F7FB27BCD}.Release|ARM.ActiveCfg = Release|ARM
		{03A23889-FAE2-4AC1-A57B-C43F7FB27BCD}.Release|ARM.Build.0 = Release|ARM
		{03A23889-FAE2-4AC1-A57B-C43F7FB27BCD}.Release|ARM.Deploy.0 = Release|ARM
		{03A23889-FAE2-4AC1-A57B-C43F7FB27BCD}.Release|iPhone.ActiveCfg = Release|x86
		{03A23889-FAE2-4AC1-A57B-C43F7FB27BCD}.Release|iPhone.Build.0 = Release|x86
		{03A23889-FAE2-4AC1-A57B-C43F7FB27BCD}.Release|iPhone.Deploy.0 = Release|x86
		{03A23889-FAE2-4AC1-A57B-C43F7FB27BCD}.Release|iPhoneSimulator.ActiveCfg = Release|x86
		{03A23889-FAE2-4AC1-A57B-C43F7FB27BCD}.Release|iPhoneSimulator.Build.0 = Release|x86
		{03A23889-FAE2-4AC1-A57B-C43F7FB27BCD}.Release|iPhoneSimulator.Deploy.0 = Release|x86
		{03A23889-FAE2-4AC1-A57B-C43F7FB27BCD}.Release|x64.ActiveCfg = Release|x64
		{03A23889-FAE2-4AC1-A57B-C43F7FB27BCD}.Release|x64.Build.0 = Release|x64
		{03A23889-FAE2-4AC1-A57B-C43F7FB27BCD}.Release|x64.Deploy.0 = Release|x64
		{03A23889-FAE2-4AC1-A57B-C43F7FB27BCD}.Release|x86.ActiveCfg = Release|x86
		{03A23889-FAE2-4AC1-A57B-C43F7FB27BCD}.Release|x86.Build.0 = Release|x86
		{03A23889-FAE2-4AC1-A57B-C43F7FB27BCD}.Release|x86.Deploy.0 = Release|x86
		{A9DA3D8D-FB45-49C8-80FE-3E6646C5B908}.Ad-Hoc|Any CPU.ActiveCfg = Debug|Any CPU
		{A9DA3D8D-FB45-49C8-80FE-3E6646C5B908}.Ad-Hoc|Any CPU.Build.0 = Debug|Any CPU
		{A9DA3D8D-FB45-49C8-80FE-3E6646C5B908}.Ad-Hoc|Any CPU.Deploy.0 = Debug|Any CPU
		{A9DA3D8D-FB45-49C8-80FE-3E6646C5B908}.Ad-Hoc|ARM.ActiveCfg = Debug|Any CPU
		{A9DA3D8D-FB45-49C8-80FE-3E6646C5B908}.Ad-Hoc|ARM.Build.0 = Debug|Any CPU
		{A9DA3D8D-FB45-49C8-80FE-3E6646C5B908}.Ad-Hoc|ARM.Deploy.0 = Debug|Any CPU
		{A9DA3D8D-FB45-49C8-80FE-3E6646C5B908}.Ad-Hoc|iPhone.ActiveCfg = Debug|Any CPU
		{A9DA3D8D-FB45-49C8-80FE-3E6646C5B908}.Ad-Hoc|iPhone.Build.0 = Debug|Any CPU
		{A9DA3D8D-FB45-49C8-80FE-3E6646C5B908}.Ad-Hoc|iPhone.Deploy.0 = Debug|Any CPU
		{A9DA3D8D-FB45-49C8-80FE-3E6646C5B908}.Ad-Hoc|iPhoneSimulator.ActiveCfg = Debug|Any CPU
		{A9DA3D8D-FB45-49C8-80FE-3E6646C5B908}.Ad-Hoc|iPhoneSimulator.Build.0 = Debug|Any CPU
		{A9DA3D8D-FB45-49C8-80FE-3E6646C5B908}.Ad-Hoc|iPhoneSimulator.Deploy.0 = Debug|Any CPU
		{A9DA3D8D-FB45-49C8-80FE-3E6646C5B908}.Ad-Hoc|x64.ActiveCfg = Debug|Any CPU
		{A9DA3D8D-FB45-49C8-80FE-3E6646C5B908}.Ad-Hoc|x64.Build.0 = Debug|Any CPU
		{A9DA3D8D-FB45-49C8-80FE-3E6646C5B908}.Ad-Hoc|x64.Deploy.0 = Debug|Any CPU
		{A9DA3D8D-FB45-49C8-80FE-3E6646C5B908}.Ad-Hoc|x86.ActiveCfg = Debug|Any CPU
		{A9DA3D8D-FB45-49C8-80FE-3E6646C5B908}.Ad-Hoc|x86.Build.0 = Debug|Any CPU
		{A9DA3D8D-FB45-49C8-80FE-3E6646C5B908}.Ad-Hoc|x86.Deploy.0 = Debug|Any CPU
		{A9DA3D8D-FB45-49C8-80FE-3E6646C5B908}.AppStore|Any CPU.ActiveCfg = Debug|Any CPU
		{A9DA3D8D-FB45-49C8-80FE-3E6646C5B908}.AppStore|Any CPU.Build.0 = Debug|Any CPU
		{A9DA3D8D-FB45-49C8-80FE-3E6646C5B908}.AppStore|Any CPU.Deploy.0 = Debug|Any CPU
		{A9DA3D8D-FB45-49C8-80FE-3E6646C5B908}.AppStore|ARM.ActiveCfg = Debug|Any CPU
		{A9DA3D8D-FB45-49C8-80FE-3E6646C5B908}.AppStore|ARM.Build.0 = Debug|Any CPU
		{A9DA3D8D-FB45-49C8-80FE-3E6646C5B908}.AppStore|ARM.Deploy.0 = Debug|Any CPU
		{A9DA3D8D-FB45-49C8-80FE-3E6646C5B908}.AppStore|iPhone.ActiveCfg = Debug|Any CPU
		{A9DA3D8D-FB45-49C8-80FE-3E6646C5B908}.AppStore|iPhone.Build.0 = Debug|Any CPU
		{A9DA3D8D-FB45-49C8-80FE-3E6646C5B908}.AppStore|iPhone.Deploy.0 = Debug|Any CPU
		{A9DA3D8D-FB45-49C8-80FE-3E6646C5B908}.AppStore|iPhoneSimulator.ActiveCfg = Debug|Any CPU
		{A9DA3D8D-FB45-49C8-80FE-3E6646C5B908}.AppStore|iPhoneSimulator.Build.0 = Debug|Any CPU
		{A9DA3D8D-FB45-49C8-80FE-3E6646C5B908}.AppStore|iPhoneSimulator.Deploy.0 = Debug|Any CPU
		{A9DA3D8D-FB45-49C8-80FE-3E6646C5B908}.AppStore|x64.ActiveCfg = Debug|Any CPU
		{A9DA3D8D-FB45-49C8-80FE-3E6646C5B908}.AppStore|x64.Build.0 = Debug|Any CPU
		{A9DA3D8D-FB45-49C8-80FE-3E6646C5B908}.AppStore|x64.Deploy.0 = Debug|Any CPU
		{A9DA3D8D-FB45-49C8-80FE-3E6646C5B908}.AppStore|x86.ActiveCfg = Debug|Any CPU
		{A9DA3D8D-FB45-49C8-80FE-3E6646C5B908}.AppStore|x86.Build.0 = Debug|Any CPU
		{A9DA3D8D-FB45-49C8-80FE-3E6646C5B908}.AppStore|x86.Deploy.0 = Debug|Any CPU
		{A9DA3D8D-FB45-49C8-80FE-3E6646C5B908}.Debug|Any CPU.ActiveCfg = Debug|Any CPU
		{A9DA3D8D-FB45-49C8-80FE-3E6646C5B908}.Debug|Any CPU.Build.0 = Debug|Any CPU
		{A9DA3D8D-FB45-49C8-80FE-3E6646C5B908}.Debug|Any CPU.Deploy.0 = Debug|Any CPU
		{A9DA3D8D-FB45-49C8-80FE-3E6646C5B908}.Debug|ARM.ActiveCfg = Debug|Any CPU
		{A9DA3D8D-FB45-49C8-80FE-3E6646C5B908}.Debug|ARM.Build.0 = Debug|Any CPU
		{A9DA3D8D-FB45-49C8-80FE-3E6646C5B908}.Debug|ARM.Deploy.0 = Debug|Any CPU
		{A9DA3D8D-FB45-49C8-80FE-3E6646C5B908}.Debug|iPhone.ActiveCfg = Debug|Any CPU
		{A9DA3D8D-FB45-49C8-80FE-3E6646C5B908}.Debug|iPhone.Build.0 = Debug|Any CPU
		{A9DA3D8D-FB45-49C8-80FE-3E6646C5B908}.Debug|iPhone.Deploy.0 = Debug|Any CPU
		{A9DA3D8D-FB45-49C8-80FE-3E6646C5B908}.Debug|iPhoneSimulator.ActiveCfg = Debug|Any CPU
		{A9DA3D8D-FB45-49C8-80FE-3E6646C5B908}.Debug|iPhoneSimulator.Build.0 = Debug|Any CPU
		{A9DA3D8D-FB45-49C8-80FE-3E6646C5B908}.Debug|iPhoneSimulator.Deploy.0 = Debug|Any CPU
		{A9DA3D8D-FB45-49C8-80FE-3E6646C5B908}.Debug|x64.ActiveCfg = Debug|Any CPU
		{A9DA3D8D-FB45-49C8-80FE-3E6646C5B908}.Debug|x64.Build.0 = Debug|Any CPU
		{A9DA3D8D-FB45-49C8-80FE-3E6646C5B908}.Debug|x64.Deploy.0 = Debug|Any CPU
		{A9DA3D8D-FB45-49C8-80FE-3E6646C5B908}.Debug|x86.ActiveCfg = Debug|Any CPU
		{A9DA3D8D-FB45-49C8-80FE-3E6646C5B908}.Debug|x86.Build.0 = Debug|Any CPU
		{A9DA3D8D-FB45-49C8-80FE-3E6646C5B908}.Debug|x86.Deploy.0 = Debug|Any CPU
		{A9DA3D8D-FB45-49C8-80FE-3E6646C5B908}.Release|Any CPU.ActiveCfg = Release|Any CPU
		{A9DA3D8D-FB45-49C8-80FE-3E6646C5B908}.Release|Any CPU.Build.0 = Release|Any CPU
		{A9DA3D8D-FB45-49C8-80FE-3E6646C5B908}.Release|Any CPU.Deploy.0 = Release|Any CPU
		{A9DA3D8D-FB45-49C8-80FE-3E6646C5B908}.Release|ARM.ActiveCfg = Release|Any CPU
		{A9DA3D8D-FB45-49C8-80FE-3E6646C5B908}.Release|ARM.Build.0 = Release|Any CPU
		{A9DA3D8D-FB45-49C8-80FE-3E6646C5B908}.Release|ARM.Deploy.0 = Release|Any CPU
		{A9DA3D8D-FB45-49C8-80FE-3E6646C5B908}.Release|iPhone.ActiveCfg = Release|Any CPU
		{A9DA3D8D-FB45-49C8-80FE-3E6646C5B908}.Release|iPhone.Build.0 = Release|Any CPU
		{A9DA3D8D-FB45-49C8-80FE-3E6646C5B908}.Release|iPhone.Deploy.0 = Release|Any CPU
		{A9DA3D8D-FB45-49C8-80FE-3E6646C5B908}.Release|iPhoneSimulator.ActiveCfg = Release|Any CPU
		{A9DA3D8D-FB45-49C8-80FE-3E6646C5B908}.Release|iPhoneSimulator.Build.0 = Release|Any CPU
		{A9DA3D8D-FB45-49C8-80FE-3E6646C5B908}.Release|iPhoneSimulator.Deploy.0 = Release|Any CPU
		{A9DA3D8D-FB45-49C8-80FE-3E6646C5B908}.Release|x64.ActiveCfg = Release|Any CPU
		{A9DA3D8D-FB45-49C8-80FE-3E6646C5B908}.Release|x64.Build.0 = Release|Any CPU
		{A9DA3D8D-FB45-49C8-80FE-3E6646C5B908}.Release|x64.Deploy.0 = Release|Any CPU
		{A9DA3D8D-FB45-49C8-80FE-3E6646C5B908}.Release|x86.ActiveCfg = Release|Any CPU
		{A9DA3D8D-FB45-49C8-80FE-3E6646C5B908}.Release|x86.Build.0 = Release|Any CPU
		{A9DA3D8D-FB45-49C8-80FE-3E6646C5B908}.Release|x86.Deploy.0 = Release|Any CPU
		{74B709F9-675C-4247-B829-2BD84194AD22}.Ad-Hoc|Any CPU.ActiveCfg = Release|Any CPU
		{74B709F9-675C-4247-B829-2BD84194AD22}.Ad-Hoc|Any CPU.Build.0 = Release|Any CPU
		{74B709F9-675C-4247-B829-2BD84194AD22}.Ad-Hoc|ARM.ActiveCfg = Release|Any CPU
		{74B709F9-675C-4247-B829-2BD84194AD22}.Ad-Hoc|ARM.Build.0 = Release|Any CPU
		{74B709F9-675C-4247-B829-2BD84194AD22}.Ad-Hoc|iPhone.ActiveCfg = Release|Any CPU
		{74B709F9-675C-4247-B829-2BD84194AD22}.Ad-Hoc|iPhone.Build.0 = Release|Any CPU
		{74B709F9-675C-4247-B829-2BD84194AD22}.Ad-Hoc|iPhoneSimulator.ActiveCfg = Release|Any CPU
		{74B709F9-675C-4247-B829-2BD84194AD22}.Ad-Hoc|iPhoneSimulator.Build.0 = Release|Any CPU
		{74B709F9-675C-4247-B829-2BD84194AD22}.Ad-Hoc|x64.ActiveCfg = Release|Any CPU
		{74B709F9-675C-4247-B829-2BD84194AD22}.Ad-Hoc|x64.Build.0 = Release|Any CPU
		{74B709F9-675C-4247-B829-2BD84194AD22}.Ad-Hoc|x86.ActiveCfg = Release|Any CPU
		{74B709F9-675C-4247-B829-2BD84194AD22}.Ad-Hoc|x86.Build.0 = Release|Any CPU
		{74B709F9-675C-4247-B829-2BD84194AD22}.AppStore|Any CPU.ActiveCfg = Release|Any CPU
		{74B709F9-675C-4247-B829-2BD84194AD22}.AppStore|Any CPU.Build.0 = Release|Any CPU
		{74B709F9-675C-4247-B829-2BD84194AD22}.AppStore|ARM.ActiveCfg = Release|Any CPU
		{74B709F9-675C-4247-B829-2BD84194AD22}.AppStore|ARM.Build.0 = Release|Any CPU
		{74B709F9-675C-4247-B829-2BD84194AD22}.AppStore|iPhone.ActiveCfg = Release|Any CPU
		{74B709F9-675C-4247-B829-2BD84194AD22}.AppStore|iPhone.Build.0 = Release|Any CPU
		{74B709F9-675C-4247-B829-2BD84194AD22}.AppStore|iPhoneSimulator.ActiveCfg = Release|Any CPU
		{74B709F9-675C-4247-B829-2BD84194AD22}.AppStore|iPhoneSimulator.Build.0 = Release|Any CPU
		{74B709F9-675C-4247-B829-2BD84194AD22}.AppStore|x64.ActiveCfg = Release|Any CPU
		{74B709F9-675C-4247-B829-2BD84194AD22}.AppStore|x64.Build.0 = Release|Any CPU
		{74B709F9-675C-4247-B829-2BD84194AD22}.AppStore|x86.ActiveCfg = Release|Any CPU
		{74B709F9-675C-4247-B829-2BD84194AD22}.AppStore|x86.Build.0 = Release|Any CPU
		{74B709F9-675C-4247-B829-2BD84194AD22}.Debug|Any CPU.ActiveCfg = Debug|Any CPU
		{74B709F9-675C-4247-B829-2BD84194AD22}.Debug|Any CPU.Build.0 = Debug|Any CPU
		{74B709F9-675C-4247-B829-2BD84194AD22}.Debug|ARM.ActiveCfg = Debug|Any CPU
		{74B709F9-675C-4247-B829-2BD84194AD22}.Debug|ARM.Build.0 = Debug|Any CPU
		{74B709F9-675C-4247-B829-2BD84194AD22}.Debug|iPhone.ActiveCfg = Debug|Any CPU
		{74B709F9-675C-4247-B829-2BD84194AD22}.Debug|iPhone.Build.0 = Debug|Any CPU
		{74B709F9-675C-4247-B829-2BD84194AD22}.Debug|iPhoneSimulator.ActiveCfg = Debug|Any CPU
		{74B709F9-675C-4247-B829-2BD84194AD22}.Debug|iPhoneSimulator.Build.0 = Debug|Any CPU
		{74B709F9-675C-4247-B829-2BD84194AD22}.Debug|x64.ActiveCfg = Debug|Any CPU
		{74B709F9-675C-4247-B829-2BD84194AD22}.Debug|x64.Build.0 = Debug|Any CPU
		{74B709F9-675C-4247-B829-2BD84194AD22}.Debug|x86.ActiveCfg = Debug|Any CPU
		{74B709F9-675C-4247-B829-2BD84194AD22}.Debug|x86.Build.0 = Debug|Any CPU
		{74B709F9-675C-4247-B829-2BD84194AD22}.Release|Any CPU.ActiveCfg = Release|Any CPU
		{74B709F9-675C-4247-B829-2BD84194AD22}.Release|Any CPU.Build.0 = Release|Any CPU
		{74B709F9-675C-4247-B829-2BD84194AD22}.Release|ARM.ActiveCfg = Release|Any CPU
		{74B709F9-675C-4247-B829-2BD84194AD22}.Release|ARM.Build.0 = Release|Any CPU
		{74B709F9-675C-4247-B829-2BD84194AD22}.Release|iPhone.ActiveCfg = Release|Any CPU
		{74B709F9-675C-4247-B829-2BD84194AD22}.Release|iPhone.Build.0 = Release|Any CPU
		{74B709F9-675C-4247-B829-2BD84194AD22}.Release|iPhoneSimulator.ActiveCfg = Release|Any CPU
		{74B709F9-675C-4247-B829-2BD84194AD22}.Release|iPhoneSimulator.Build.0 = Release|Any CPU
		{74B709F9-675C-4247-B829-2BD84194AD22}.Release|x64.ActiveCfg = Release|Any CPU
		{74B709F9-675C-4247-B829-2BD84194AD22}.Release|x64.Build.0 = Release|Any CPU
		{74B709F9-675C-4247-B829-2BD84194AD22}.Release|x86.ActiveCfg = Release|Any CPU
		{74B709F9-675C-4247-B829-2BD84194AD22}.Release|x86.Build.0 = Release|Any CPU
		{E7BFF098-EB1A-4DD7-ACA3-BDF01B7439FD}.Ad-Hoc|Any CPU.ActiveCfg = Release|Any CPU
		{E7BFF098-EB1A-4DD7-ACA3-BDF01B7439FD}.Ad-Hoc|Any CPU.Build.0 = Release|Any CPU
		{E7BFF098-EB1A-4DD7-ACA3-BDF01B7439FD}.Ad-Hoc|ARM.ActiveCfg = Release|Any CPU
		{E7BFF098-EB1A-4DD7-ACA3-BDF01B7439FD}.Ad-Hoc|ARM.Build.0 = Release|Any CPU
		{E7BFF098-EB1A-4DD7-ACA3-BDF01B7439FD}.Ad-Hoc|iPhone.ActiveCfg = Release|Any CPU
		{E7BFF098-EB1A-4DD7-ACA3-BDF01B7439FD}.Ad-Hoc|iPhone.Build.0 = Release|Any CPU
		{E7BFF098-EB1A-4DD7-ACA3-BDF01B7439FD}.Ad-Hoc|iPhoneSimulator.ActiveCfg = Release|Any CPU
		{E7BFF098-EB1A-4DD7-ACA3-BDF01B7439FD}.Ad-Hoc|iPhoneSimulator.Build.0 = Release|Any CPU
		{E7BFF098-EB1A-4DD7-ACA3-BDF01B7439FD}.Ad-Hoc|x64.ActiveCfg = Release|Any CPU
		{E7BFF098-EB1A-4DD7-ACA3-BDF01B7439FD}.Ad-Hoc|x64.Build.0 = Release|Any CPU
		{E7BFF098-EB1A-4DD7-ACA3-BDF01B7439FD}.Ad-Hoc|x86.ActiveCfg = Release|Any CPU
		{E7BFF098-EB1A-4DD7-ACA3-BDF01B7439FD}.Ad-Hoc|x86.Build.0 = Release|Any CPU
		{E7BFF098-EB1A-4DD7-ACA3-BDF01B7439FD}.AppStore|Any CPU.ActiveCfg = Release|Any CPU
		{E7BFF098-EB1A-4DD7-ACA3-BDF01B7439FD}.AppStore|Any CPU.Build.0 = Release|Any CPU
		{E7BFF098-EB1A-4DD7-ACA3-BDF01B7439FD}.AppStore|ARM.ActiveCfg = Release|Any CPU
		{E7BFF098-EB1A-4DD7-ACA3-BDF01B7439FD}.AppStore|ARM.Build.0 = Release|Any CPU
		{E7BFF098-EB1A-4DD7-ACA3-BDF01B7439FD}.AppStore|iPhone.ActiveCfg = Release|Any CPU
		{E7BFF098-EB1A-4DD7-ACA3-BDF01B7439FD}.AppStore|iPhone.Build.0 = Release|Any CPU
		{E7BFF098-EB1A-4DD7-ACA3-BDF01B7439FD}.AppStore|iPhoneSimulator.ActiveCfg = Release|Any CPU
		{E7BFF098-EB1A-4DD7-ACA3-BDF01B7439FD}.AppStore|iPhoneSimulator.Build.0 = Release|Any CPU
		{E7BFF098-EB1A-4DD7-ACA3-BDF01B7439FD}.AppStore|x64.ActiveCfg = Release|Any CPU
		{E7BFF098-EB1A-4DD7-ACA3-BDF01B7439FD}.AppStore|x64.Build.0 = Release|Any CPU
		{E7BFF098-EB1A-4DD7-ACA3-BDF01B7439FD}.AppStore|x86.ActiveCfg = Release|Any CPU
		{E7BFF098-EB1A-4DD7-ACA3-BDF01B7439FD}.AppStore|x86.Build.0 = Release|Any CPU
		{E7BFF098-EB1A-4DD7-ACA3-BDF01B7439FD}.Debug|Any CPU.ActiveCfg = Debug|Any CPU
		{E7BFF098-EB1A-4DD7-ACA3-BDF01B7439FD}.Debug|Any CPU.Build.0 = Debug|Any CPU
		{E7BFF098-EB1A-4DD7-ACA3-BDF01B7439FD}.Debug|ARM.ActiveCfg = Debug|Any CPU
		{E7BFF098-EB1A-4DD7-ACA3-BDF01B7439FD}.Debug|ARM.Build.0 = Debug|Any CPU
		{E7BFF098-EB1A-4DD7-ACA3-BDF01B7439FD}.Debug|iPhone.ActiveCfg = Debug|Any CPU
		{E7BFF098-EB1A-4DD7-ACA3-BDF01B7439FD}.Debug|iPhone.Build.0 = Debug|Any CPU
		{E7BFF098-EB1A-4DD7-ACA3-BDF01B7439FD}.Debug|iPhoneSimulator.ActiveCfg = Debug|Any CPU
		{E7BFF098-EB1A-4DD7-ACA3-BDF01B7439FD}.Debug|iPhoneSimulator.Build.0 = Debug|Any CPU
		{E7BFF098-EB1A-4DD7-ACA3-BDF01B7439FD}.Debug|x64.ActiveCfg = Debug|Any CPU
		{E7BFF098-EB1A-4DD7-ACA3-BDF01B7439FD}.Debug|x64.Build.0 = Debug|Any CPU
		{E7BFF098-EB1A-4DD7-ACA3-BDF01B7439FD}.Debug|x86.ActiveCfg = Debug|Any CPU
		{E7BFF098-EB1A-4DD7-ACA3-BDF01B7439FD}.Debug|x86.Build.0 = Debug|Any CPU
		{E7BFF098-EB1A-4DD7-ACA3-BDF01B7439FD}.Release|Any CPU.ActiveCfg = Release|Any CPU
		{E7BFF098-EB1A-4DD7-ACA3-BDF01B7439FD}.Release|Any CPU.Build.0 = Release|Any CPU
		{E7BFF098-EB1A-4DD7-ACA3-BDF01B7439FD}.Release|ARM.ActiveCfg = Release|Any CPU
		{E7BFF098-EB1A-4DD7-ACA3-BDF01B7439FD}.Release|ARM.Build.0 = Release|Any CPU
		{E7BFF098-EB1A-4DD7-ACA3-BDF01B7439FD}.Release|iPhone.ActiveCfg = Release|Any CPU
		{E7BFF098-EB1A-4DD7-ACA3-BDF01B7439FD}.Release|iPhone.Build.0 = Release|Any CPU
		{E7BFF098-EB1A-4DD7-ACA3-BDF01B7439FD}.Release|iPhoneSimulator.ActiveCfg = Release|Any CPU
		{E7BFF098-EB1A-4DD7-ACA3-BDF01B7439FD}.Release|iPhoneSimulator.Build.0 = Release|Any CPU
		{E7BFF098-EB1A-4DD7-ACA3-BDF01B7439FD}.Release|x64.ActiveCfg = Release|Any CPU
		{E7BFF098-EB1A-4DD7-ACA3-BDF01B7439FD}.Release|x64.Build.0 = Release|Any CPU
		{E7BFF098-EB1A-4DD7-ACA3-BDF01B7439FD}.Release|x86.ActiveCfg = Release|Any CPU
		{E7BFF098-EB1A-4DD7-ACA3-BDF01B7439FD}.Release|x86.Build.0 = Release|Any CPU
		{A6EE7F19-F06E-4691-9124-A285BA46A78C}.Ad-Hoc|Any CPU.ActiveCfg = Release|Any CPU
		{A6EE7F19-F06E-4691-9124-A285BA46A78C}.Ad-Hoc|Any CPU.Build.0 = Release|Any CPU
		{A6EE7F19-F06E-4691-9124-A285BA46A78C}.Ad-Hoc|ARM.ActiveCfg = Release|Any CPU
		{A6EE7F19-F06E-4691-9124-A285BA46A78C}.Ad-Hoc|ARM.Build.0 = Release|Any CPU
		{A6EE7F19-F06E-4691-9124-A285BA46A78C}.Ad-Hoc|iPhone.ActiveCfg = Release|Any CPU
		{A6EE7F19-F06E-4691-9124-A285BA46A78C}.Ad-Hoc|iPhone.Build.0 = Release|Any CPU
		{A6EE7F19-F06E-4691-9124-A285BA46A78C}.Ad-Hoc|iPhoneSimulator.ActiveCfg = Release|Any CPU
		{A6EE7F19-F06E-4691-9124-A285BA46A78C}.Ad-Hoc|iPhoneSimulator.Build.0 = Release|Any CPU
		{A6EE7F19-F06E-4691-9124-A285BA46A78C}.Ad-Hoc|x64.ActiveCfg = Release|Any CPU
		{A6EE7F19-F06E-4691-9124-A285BA46A78C}.Ad-Hoc|x64.Build.0 = Release|Any CPU
		{A6EE7F19-F06E-4691-9124-A285BA46A78C}.Ad-Hoc|x86.ActiveCfg = Release|Any CPU
		{A6EE7F19-F06E-4691-9124-A285BA46A78C}.Ad-Hoc|x86.Build.0 = Release|Any CPU
		{A6EE7F19-F06E-4691-9124-A285BA46A78C}.AppStore|Any CPU.ActiveCfg = Release|Any CPU
		{A6EE7F19-F06E-4691-9124-A285BA46A78C}.AppStore|Any CPU.Build.0 = Release|Any CPU
		{A6EE7F19-F06E-4691-9124-A285BA46A78C}.AppStore|ARM.ActiveCfg = Release|Any CPU
		{A6EE7F19-F06E-4691-9124-A285BA46A78C}.AppStore|ARM.Build.0 = Release|Any CPU
		{A6EE7F19-F06E-4691-9124-A285BA46A78C}.AppStore|iPhone.ActiveCfg = Release|Any CPU
		{A6EE7F19-F06E-4691-9124-A285BA46A78C}.AppStore|iPhone.Build.0 = Release|Any CPU
		{A6EE7F19-F06E-4691-9124-A285BA46A78C}.AppStore|iPhoneSimulator.ActiveCfg = Release|Any CPU
		{A6EE7F19-F06E-4691-9124-A285BA46A78C}.AppStore|iPhoneSimulator.Build.0 = Release|Any CPU
		{A6EE7F19-F06E-4691-9124-A285BA46A78C}.AppStore|x64.ActiveCfg = Release|Any CPU
		{A6EE7F19-F06E-4691-9124-A285BA46A78C}.AppStore|x64.Build.0 = Release|Any CPU
		{A6EE7F19-F06E-4691-9124-A285BA46A78C}.AppStore|x86.ActiveCfg = Release|Any CPU
		{A6EE7F19-F06E-4691-9124-A285BA46A78C}.AppStore|x86.Build.0 = Release|Any CPU
		{A6EE7F19-F06E-4691-9124-A285BA46A78C}.Debug|Any CPU.ActiveCfg = Debug|Any CPU
		{A6EE7F19-F06E-4691-9124-A285BA46A78C}.Debug|Any CPU.Build.0 = Debug|Any CPU
		{A6EE7F19-F06E-4691-9124-A285BA46A78C}.Debug|ARM.ActiveCfg = Debug|Any CPU
		{A6EE7F19-F06E-4691-9124-A285BA46A78C}.Debug|ARM.Build.0 = Debug|Any CPU
		{A6EE7F19-F06E-4691-9124-A285BA46A78C}.Debug|iPhone.ActiveCfg = Debug|Any CPU
		{A6EE7F19-F06E-4691-9124-A285BA46A78C}.Debug|iPhone.Build.0 = Debug|Any CPU
		{A6EE7F19-F06E-4691-9124-A285BA46A78C}.Debug|iPhoneSimulator.ActiveCfg = Debug|Any CPU
		{A6EE7F19-F06E-4691-9124-A285BA46A78C}.Debug|iPhoneSimulator.Build.0 = Debug|Any CPU
		{A6EE7F19-F06E-4691-9124-A285BA46A78C}.Debug|x64.ActiveCfg = Debug|Any CPU
		{A6EE7F19-F06E-4691-9124-A285BA46A78C}.Debug|x64.Build.0 = Debug|Any CPU
		{A6EE7F19-F06E-4691-9124-A285BA46A78C}.Debug|x86.ActiveCfg = Debug|Any CPU
		{A6EE7F19-F06E-4691-9124-A285BA46A78C}.Debug|x86.Build.0 = Debug|Any CPU
		{A6EE7F19-F06E-4691-9124-A285BA46A78C}.Release|Any CPU.ActiveCfg = Release|Any CPU
		{A6EE7F19-F06E-4691-9124-A285BA46A78C}.Release|Any CPU.Build.0 = Release|Any CPU
		{A6EE7F19-F06E-4691-9124-A285BA46A78C}.Release|ARM.ActiveCfg = Release|Any CPU
		{A6EE7F19-F06E-4691-9124-A285BA46A78C}.Release|ARM.Build.0 = Release|Any CPU
		{A6EE7F19-F06E-4691-9124-A285BA46A78C}.Release|iPhone.ActiveCfg = Release|Any CPU
		{A6EE7F19-F06E-4691-9124-A285BA46A78C}.Release|iPhone.Build.0 = Release|Any CPU
		{A6EE7F19-F06E-4691-9124-A285BA46A78C}.Release|iPhoneSimulator.ActiveCfg = Release|Any CPU
		{A6EE7F19-F06E-4691-9124-A285BA46A78C}.Release|iPhoneSimulator.Build.0 = Release|Any CPU
		{A6EE7F19-F06E-4691-9124-A285BA46A78C}.Release|x64.ActiveCfg = Release|Any CPU
		{A6EE7F19-F06E-4691-9124-A285BA46A78C}.Release|x64.Build.0 = Release|Any CPU
		{A6EE7F19-F06E-4691-9124-A285BA46A78C}.Release|x86.ActiveCfg = Release|Any CPU
		{A6EE7F19-F06E-4691-9124-A285BA46A78C}.Release|x86.Build.0 = Release|Any CPU
		{A3187C05-501B-4F55-BDBB-42532BE0420A}.Ad-Hoc|Any CPU.ActiveCfg = Release|Any CPU
		{A3187C05-501B-4F55-BDBB-42532BE0420A}.Ad-Hoc|Any CPU.Build.0 = Release|Any CPU
		{A3187C05-501B-4F55-BDBB-42532BE0420A}.Ad-Hoc|ARM.ActiveCfg = Release|Any CPU
		{A3187C05-501B-4F55-BDBB-42532BE0420A}.Ad-Hoc|ARM.Build.0 = Release|Any CPU
		{A3187C05-501B-4F55-BDBB-42532BE0420A}.Ad-Hoc|iPhone.ActiveCfg = Release|Any CPU
		{A3187C05-501B-4F55-BDBB-42532BE0420A}.Ad-Hoc|iPhone.Build.0 = Release|Any CPU
		{A3187C05-501B-4F55-BDBB-42532BE0420A}.Ad-Hoc|iPhoneSimulator.ActiveCfg = Release|Any CPU
		{A3187C05-501B-4F55-BDBB-42532BE0420A}.Ad-Hoc|iPhoneSimulator.Build.0 = Release|Any CPU
		{A3187C05-501B-4F55-BDBB-42532BE0420A}.Ad-Hoc|x64.ActiveCfg = Release|Any CPU
		{A3187C05-501B-4F55-BDBB-42532BE0420A}.Ad-Hoc|x64.Build.0 = Release|Any CPU
		{A3187C05-501B-4F55-BDBB-42532BE0420A}.Ad-Hoc|x86.ActiveCfg = Release|Any CPU
		{A3187C05-501B-4F55-BDBB-42532BE0420A}.Ad-Hoc|x86.Build.0 = Release|Any CPU
		{A3187C05-501B-4F55-BDBB-42532BE0420A}.AppStore|Any CPU.ActiveCfg = Release|Any CPU
		{A3187C05-501B-4F55-BDBB-42532BE0420A}.AppStore|Any CPU.Build.0 = Release|Any CPU
		{A3187C05-501B-4F55-BDBB-42532BE0420A}.AppStore|ARM.ActiveCfg = Release|Any CPU
		{A3187C05-501B-4F55-BDBB-42532BE0420A}.AppStore|ARM.Build.0 = Release|Any CPU
		{A3187C05-501B-4F55-BDBB-42532BE0420A}.AppStore|iPhone.ActiveCfg = Release|Any CPU
		{A3187C05-501B-4F55-BDBB-42532BE0420A}.AppStore|iPhone.Build.0 = Release|Any CPU
		{A3187C05-501B-4F55-BDBB-42532BE0420A}.AppStore|iPhoneSimulator.ActiveCfg = Release|Any CPU
		{A3187C05-501B-4F55-BDBB-42532BE0420A}.AppStore|iPhoneSimulator.Build.0 = Release|Any CPU
		{A3187C05-501B-4F55-BDBB-42532BE0420A}.AppStore|x64.ActiveCfg = Release|Any CPU
		{A3187C05-501B-4F55-BDBB-42532BE0420A}.AppStore|x64.Build.0 = Release|Any CPU
		{A3187C05-501B-4F55-BDBB-42532BE0420A}.AppStore|x86.ActiveCfg = Release|Any CPU
		{A3187C05-501B-4F55-BDBB-42532BE0420A}.AppStore|x86.Build.0 = Release|Any CPU
		{A3187C05-501B-4F55-BDBB-42532BE0420A}.Debug|Any CPU.ActiveCfg = Debug|Any CPU
		{A3187C05-501B-4F55-BDBB-42532BE0420A}.Debug|Any CPU.Build.0 = Debug|Any CPU
		{A3187C05-501B-4F55-BDBB-42532BE0420A}.Debug|ARM.ActiveCfg = Debug|Any CPU
		{A3187C05-501B-4F55-BDBB-42532BE0420A}.Debug|ARM.Build.0 = Debug|Any CPU
		{A3187C05-501B-4F55-BDBB-42532BE0420A}.Debug|iPhone.ActiveCfg = Debug|Any CPU
		{A3187C05-501B-4F55-BDBB-42532BE0420A}.Debug|iPhone.Build.0 = Debug|Any CPU
		{A3187C05-501B-4F55-BDBB-42532BE0420A}.Debug|iPhoneSimulator.ActiveCfg = Debug|Any CPU
		{A3187C05-501B-4F55-BDBB-42532BE0420A}.Debug|iPhoneSimulator.Build.0 = Debug|Any CPU
		{A3187C05-501B-4F55-BDBB-42532BE0420A}.Debug|x64.ActiveCfg = Debug|Any CPU
		{A3187C05-501B-4F55-BDBB-42532BE0420A}.Debug|x64.Build.0 = Debug|Any CPU
		{A3187C05-501B-4F55-BDBB-42532BE0420A}.Debug|x86.ActiveCfg = Debug|Any CPU
		{A3187C05-501B-4F55-BDBB-42532BE0420A}.Debug|x86.Build.0 = Debug|Any CPU
		{A3187C05-501B-4F55-BDBB-42532BE0420A}.Release|Any CPU.ActiveCfg = Release|Any CPU
		{A3187C05-501B-4F55-BDBB-42532BE0420A}.Release|Any CPU.Build.0 = Release|Any CPU
		{A3187C05-501B-4F55-BDBB-42532BE0420A}.Release|ARM.ActiveCfg = Release|Any CPU
		{A3187C05-501B-4F55-BDBB-42532BE0420A}.Release|ARM.Build.0 = Release|Any CPU
		{A3187C05-501B-4F55-BDBB-42532BE0420A}.Release|iPhone.ActiveCfg = Release|Any CPU
		{A3187C05-501B-4F55-BDBB-42532BE0420A}.Release|iPhone.Build.0 = Release|Any CPU
		{A3187C05-501B-4F55-BDBB-42532BE0420A}.Release|iPhoneSimulator.ActiveCfg = Release|Any CPU
		{A3187C05-501B-4F55-BDBB-42532BE0420A}.Release|iPhoneSimulator.Build.0 = Release|Any CPU
		{A3187C05-501B-4F55-BDBB-42532BE0420A}.Release|x64.ActiveCfg = Release|Any CPU
		{A3187C05-501B-4F55-BDBB-42532BE0420A}.Release|x64.Build.0 = Release|Any CPU
		{A3187C05-501B-4F55-BDBB-42532BE0420A}.Release|x86.ActiveCfg = Release|Any CPU
		{A3187C05-501B-4F55-BDBB-42532BE0420A}.Release|x86.Build.0 = Release|Any CPU
	EndGlobalSection
	GlobalSection(SolutionProperties) = preSolution
		HideSolutionNode = FALSE
	EndGlobalSection
	GlobalSection(ExtensibilityGlobals) = postSolution
		SolutionGuid = {E4BE5A75-B27F-4315-8A2C-DF24F023BBC3}
	EndGlobalSection
EndGlobal
